{
    "name": "json-parser",
    "lockfileVersion": 2,
    "requires": true,
    "packages": {
        "": {
            "name": "json-parser",
            "dependencies": {
                "files": "^3.0.1",
                "json-templates": "^5.1.0"
            }
        },
        "node_modules/atocha": {
            "version": "2.0.0",
            "resolved": "https://registry.npmjs.org/atocha/-/atocha-2.0.0.tgz",
            "integrity": "sha512-7q3GEWtHPVQ3/B1rRKs8VqpNtLkhIlV7x+QzvzorZ9eGeV8DyAxPQzSOzaTBMAcdGW68yb5NNY+75sGnzNZyrw==",
            "dependencies": {
                "swear": "^1.0.4"
            },
            "funding": {
                "url": "https://www.paypal.me/franciscopresencia/19"
            }
        },
        "node_modules/files": {
            "version": "3.0.1",
            "resolved": "https://registry.npmjs.org/files/-/files-3.0.1.tgz",
            "integrity": "sha512-zTVARY/46KE9x40z4kWSmFtUzw66bygpivvpOpjljf4g57ZT8idC4XErqWvxEf8JVL/pNY4qECiJOJtrB6KC8w==",
            "dependencies": {
                "atocha": "^2.0.0",
                "swear": "^1.1.2"
            },
            "funding": {
                "url": "https://www.paypal.me/franciscopresencia/19"
            }
        },
        "node_modules/json-templates": {
            "version": "5.1.0",
            "resolved": "https://registry.npmjs.org/json-templates/-/json-templates-5.1.0.tgz",
            "integrity": "sha512-WIurn7pduz4+HVfXKHlDyNjypO6UuyiMVf/aHScHqp96gl1QK7Nw1XzbFjUxKsDSPImT/Is+eAIbde8ns2EoLw==",
            "dependencies": {
                "object-path": "^0.11.8"
            }
        },
        "node_modules/object-path": {
            "version": "0.11.8",
            "resolved": "https://registry.npmjs.org/object-path/-/object-path-0.11.8.tgz",
            "integrity": "sha512-YJjNZrlXJFM42wTBn6zgOJVar9KFJvzx6sTWDte8sWZF//cnjl0BxHNpfZx+ZffXX63A9q0b1zsFiBX4g4X5KA==",
            "engines": {
                "node": ">= 10.12.0"
            }
        },
        "node_modules/swear": {
            "version": "1.1.2",
            "resolved": "https://registry.npmjs.org/swear/-/swear-1.1.2.tgz",
            "integrity": "sha512-0g96Xgk/m5zodEJdAKKS6xBINVmUxaac/PTv11E+B77V5aQyXEZu9iTxilS8u38pzdFYUx5EyGr/1h8xpomSHQ==",
            "funding": {
                "url": "https://www.paypal.me/franciscopresencia/19"
            }
        }
    },
    "dependencies": {
        "atocha": {
            "version": "2.0.0",
            "resolved": "https://registry.npmjs.org/atocha/-/atocha-2.0.0.tgz",
            "integrity": "sha512-7q3GEWtHPVQ3/B1rRKs8VqpNtLkhIlV7x+QzvzorZ9eGeV8DyAxPQzSOzaTBMAcdGW68yb5NNY+75sGnzNZyrw==",
            "requires": {
                "swear": "^1.0.4"
            }
        },
        "files": {
            "version": "3.0.1",
            "resolved": "https://registry.npmjs.org/files/-/files-3.0.1.tgz",
            "integrity": "sha512-zTVARY/46KE9x40z4kWSmFtUzw66bygpivvpOpjljf4g57ZT8idC4XErqWvxEf8JVL/pNY4qECiJOJtrB6KC8w==",
            "requires": {
                "atocha": "^2.0.0",
                "swear": "^1.1.2"
            }
        },
        "json-templates": {
            "version": "5.1.0",
            "resolved": "https://registry.npmjs.org/json-templates/-/json-templates-5.1.0.tgz",
            "integrity": "sha512-WIurn7pduz4+HVfXKHlDyNjypO6UuyiMVf/aHScHqp96gl1QK7Nw1XzbFjUxKsDSPImT/Is+eAIbde8ns2EoLw==",
            "requires": {
                "object-path": "^0.11.8"
            }
        },
        "object-path": {
            "version": "0.11.8",
            "resolved": "https://registry.npmjs.org/object-path/-/object-path-0.11.8.tgz",
            "integrity": "sha512-YJjNZrlXJFM42wTBn6zgOJVar9KFJvzx6sTWDte8sWZF//cnjl0BxHNpfZx+ZffXX63A9q0b1zsFiBX4g4X5KA=="
        },
        "swear": {
            "version": "1.1.2",
            "resolved": "https://registry.npmjs.org/swear/-/swear-1.1.2.tgz",
            "integrity": "sha512-0g96Xgk/m5zodEJdAKKS6xBINVmUxaac/PTv11E+B77V5aQyXEZu9iTxilS8u38pzdFYUx5EyGr/1h8xpomSHQ=="
        }
    }
}
